
Microsoft Visual Studio Solution File, Format Version 12.00
# Visual Studio 15
VisualStudioVersion = 15.0.26124.0
MinimumVisualStudioVersion = 15.0.26124.0
Project("{9A19103F-16F7-4668-BE54-9A1E7A4F7556}") = "Algorithms.Search", "Algorithms.Search\Algorithms.Search.csproj", "{302F30BC-39DA-467D-A20C-1B2690E2CD0D}"
EndProject
Project("{9A19103F-16F7-4668-BE54-9A1E7A4F7556}") = "Algorithms.Search.Tests", "Algorithms.Search.Tests\Algorithms.Search.Tests.csproj", "{571B01BE-1D39-4612-BF97-654954F9351F}"
EndProject
Project("{9A19103F-16F7-4668-BE54-9A1E7A4F7556}") = "Algorithms.Sort", "Algorithms.Sort\Algorithms.Sort.csproj", "{2E837515-4349-4A77-8C36-36C3C1FDB59B}"
EndProject
Project("{9A19103F-16F7-4668-BE54-9A1E7A4F7556}") = "Algorithms.Sort.Tests", "Algorithms.Sort.Tests\Algorithms.Sort.Tests.csproj", "{AF4FB9F1-398D-4F1F-A6E5-861769932E81}"
EndProject
Project("{FAE04EC0-301F-11D3-BF4B-00C04F79EFBC}") = "Algorithms.DataStructures", "Algorithms.DataStructures\Algorithms.DataStructures.csproj", "{AECBEF9A-32AC-4B45-A78F-BD8B102D4352}"
EndProject
Project("{FAE04EC0-301F-11D3-BF4B-00C04F79EFBC}") = "Algorithms.DataStructures.Tests", "Algorithms.DataStructures.Tests\Algorithms.DataStructures.Tests.csproj", "{04922F91-2BD3-452F-ADD2-CE85B4360294}"
EndProject
Global
	GlobalSection(SolutionConfigurationPlatforms) = preSolution
		Debug|Any CPU = Debug|Any CPU
		Debug|x64 = Debug|x64
		Debug|x86 = Debug|x86
		Release|Any CPU = Release|Any CPU
		Release|x64 = Release|x64
		Release|x86 = Release|x86
	EndGlobalSection
	GlobalSection(ProjectConfigurationPlatforms) = postSolution
		{302F30BC-39DA-467D-A20C-1B2690E2CD0D}.Debug|Any CPU.ActiveCfg = Debug|Any CPU
		{302F30BC-39DA-467D-A20C-1B2690E2CD0D}.Debug|Any CPU.Build.0 = Debug|Any CPU
		{302F30BC-39DA-467D-A20C-1B2690E2CD0D}.Debug|x64.ActiveCfg = Debug|Any CPU
		{302F30BC-39DA-467D-A20C-1B2690E2CD0D}.Debug|x64.Build.0 = Debug|Any CPU
		{302F30BC-39DA-467D-A20C-1B2690E2CD0D}.Debug|x86.ActiveCfg = Debug|Any CPU
		{302F30BC-39DA-467D-A20C-1B2690E2CD0D}.Debug|x86.Build.0 = Debug|Any CPU
		{302F30BC-39DA-467D-A20C-1B2690E2CD0D}.Release|Any CPU.ActiveCfg = Release|Any CPU
		{302F30BC-39DA-467D-A20C-1B2690E2CD0D}.Release|Any CPU.Build.0 = Release|Any CPU
		{302F30BC-39DA-467D-A20C-1B2690E2CD0D}.Release|x64.ActiveCfg = Release|Any CPU
		{302F30BC-39DA-467D-A20C-1B2690E2CD0D}.Release|x64.Build.0 = Release|Any CPU
		{302F30BC-39DA-467D-A20C-1B2690E2CD0D}.Release|x86.ActiveCfg = Release|Any CPU
		{302F30BC-39DA-467D-A20C-1B2690E2CD0D}.Release|x86.Build.0 = Release|Any CPU
		{571B01BE-1D39-4612-BF97-654954F9351F}.Debug|Any CPU.ActiveCfg = Debug|Any CPU
		{571B01BE-1D39-4612-BF97-654954F9351F}.Debug|Any CPU.Build.0 = Debug|Any CPU
		{571B01BE-1D39-4612-BF97-654954F9351F}.Debug|x64.ActiveCfg = Debug|Any CPU
		{571B01BE-1D39-4612-BF97-654954F9351F}.Debug|x64.Build.0 = Debug|Any CPU
		{571B01BE-1D39-4612-BF97-654954F9351F}.Debug|x86.ActiveCfg = Debug|Any CPU
		{571B01BE-1D39-4612-BF97-654954F9351F}.Debug|x86.Build.0 = Debug|Any CPU
		{571B01BE-1D39-4612-BF97-654954F9351F}.Release|Any CPU.ActiveCfg = Release|Any CPU
		{571B01BE-1D39-4612-BF97-654954F9351F}.Release|Any CPU.Build.0 = Release|Any CPU
		{571B01BE-1D39-4612-BF97-654954F9351F}.Release|x64.ActiveCfg = Release|Any CPU
		{571B01BE-1D39-4612-BF97-654954F9351F}.Release|x64.Build.0 = Release|Any CPU
		{571B01BE-1D39-4612-BF97-654954F9351F}.Release|x86.ActiveCfg = Release|Any CPU
		{571B01BE-1D39-4612-BF97-654954F9351F}.Release|x86.Build.0 = Release|Any CPU
		{2E837515-4349-4A77-8C36-36C3C1FDB59B}.Debug|Any CPU.ActiveCfg = Debug|Any CPU
		{2E837515-4349-4A77-8C36-36C3C1FDB59B}.Debug|Any CPU.Build.0 = Debug|Any CPU
		{2E837515-4349-4A77-8C36-36C3C1FDB59B}.Debug|x64.ActiveCfg = Debug|Any CPU
		{2E837515-4349-4A77-8C36-36C3C1FDB59B}.Debug|x64.Build.0 = Debug|Any CPU
		{2E837515-4349-4A77-8C36-36C3C1FDB59B}.Debug|x86.ActiveCfg = Debug|Any CPU
		{2E837515-4349-4A77-8C36-36C3C1FDB59B}.Debug|x86.Build.0 = Debug|Any CPU
		{2E837515-4349-4A77-8C36-36C3C1FDB59B}.Release|Any CPU.ActiveCfg = Release|Any CPU
		{2E837515-4349-4A77-8C36-36C3C1FDB59B}.Release|Any CPU.Build.0 = Release|Any CPU
		{2E837515-4349-4A77-8C36-36C3C1FDB59B}.Release|x64.ActiveCfg = Release|Any CPU
		{2E837515-4349-4A77-8C36-36C3C1FDB59B}.Release|x64.Build.0 = Release|Any CPU
		{2E837515-4349-4A77-8C36-36C3C1FDB59B}.Release|x86.ActiveCfg = Release|Any CPU
		{2E837515-4349-4A77-8C36-36C3C1FDB59B}.Release|x86.Build.0 = Release|Any CPU
		{AF4FB9F1-398D-4F1F-A6E5-861769932E81}.Debug|Any CPU.ActiveCfg = Debug|Any CPU
		{AF4FB9F1-398D-4F1F-A6E5-861769932E81}.Debug|Any CPU.Build.0 = Debug|Any CPU
		{AF4FB9F1-398D-4F1F-A6E5-861769932E81}.Debug|x64.ActiveCfg = Debug|Any CPU
		{AF4FB9F1-398D-4F1F-A6E5-861769932E81}.Debug|x64.Build.0 = Debug|Any CPU
		{AF4FB9F1-398D-4F1F-A6E5-861769932E81}.Debug|x86.ActiveCfg = Debug|Any CPU
		{AF4FB9F1-398D-4F1F-A6E5-861769932E81}.Debug|x86.Build.0 = Debug|Any CPU
		{AF4FB9F1-398D-4F1F-A6E5-861769932E81}.Release|Any CPU.ActiveCfg = Release|Any CPU
		{AF4FB9F1-398D-4F1F-A6E5-861769932E81}.Release|Any CPU.Build.0 = Release|Any CPU
		{AF4FB9F1-398D-4F1F-A6E5-861769932E81}.Release|x64.ActiveCfg = Release|Any CPU
		{AF4FB9F1-398D-4F1F-A6E5-861769932E81}.Release|x64.Build.0 = Release|Any CPU
		{AF4FB9F1-398D-4F1F-A6E5-861769932E81}.Release|x86.ActiveCfg = Release|Any CPU
		{AF4FB9F1-398D-4F1F-A6E5-861769932E81}.Release|x86.Build.0 = Release|Any CPU
		{AECBEF9A-32AC-4B45-A78F-BD8B102D4352}.Debug|Any CPU.ActiveCfg = Debug|Any CPU
		{AECBEF9A-32AC-4B45-A78F-BD8B102D4352}.Debug|Any CPU.Build.0 = Debug|Any CPU
		{AECBEF9A-32AC-4B45-A78F-BD8B102D4352}.Debug|x64.ActiveCfg = Debug|Any CPU
		{AECBEF9A-32AC-4B45-A78F-BD8B102D4352}.Debug|x64.Build.0 = Debug|Any CPU
		{AECBEF9A-32AC-4B45-A78F-BD8B102D4352}.Debug|x86.ActiveCfg = Debug|Any CPU
		{AECBEF9A-32AC-4B45-A78F-BD8B102D4352}.Debug|x86.Build.0 = Debug|Any CPU
		{AECBEF9A-32AC-4B45-A78F-BD8B102D4352}.Release|Any CPU.ActiveCfg = Release|Any CPU
		{AECBEF9A-32AC-4B45-A78F-BD8B102D4352}.Release|Any CPU.Build.0 = Release|Any CPU
		{AECBEF9A-32AC-4B45-A78F-BD8B102D4352}.Release|x64.ActiveCfg = Release|Any CPU
		{AECBEF9A-32AC-4B45-A78F-BD8B102D4352}.Release|x64.Build.0 = Release|Any CPU
		{AECBEF9A-32AC-4B45-A78F-BD8B102D4352}.Release|x86.ActiveCfg = Release|Any CPU
		{AECBEF9A-32AC-4B45-A78F-BD8B102D4352}.Release|x86.Build.0 = Release|Any CPU
		{04922F91-2BD3-452F-ADD2-CE85B4360294}.Debug|Any CPU.ActiveCfg = Debug|Any CPU
		{04922F91-2BD3-452F-ADD2-CE85B4360294}.Debug|Any CPU.Build.0 = Debug|Any CPU
		{04922F91-2BD3-452F-ADD2-CE85B4360294}.Debug|x64.ActiveCfg = Debug|Any CPU
		{04922F91-2BD3-452F-ADD2-CE85B4360294}.Debug|x64.Build.0 = Debug|Any CPU
		{04922F91-2BD3-452F-ADD2-CE85B4360294}.Debug|x86.ActiveCfg = Debug|Any CPU
		{04922F91-2BD3-452F-ADD2-CE85B4360294}.Debug|x86.Build.0 = Debug|Any CPU
		{04922F91-2BD3-452F-ADD2-CE85B4360294}.Release|Any CPU.ActiveCfg = Release|Any CPU
		{04922F91-2BD3-452F-ADD2-CE85B4360294}.Release|Any CPU.Build.0 = Release|Any CPU
		{04922F91-2BD3-452F-ADD2-CE85B4360294}.Release|x64.ActiveCfg = Release|Any CPU
		{04922F91-2BD3-452F-ADD2-CE85B4360294}.Release|x64.Build.0 = Release|Any CPU
		{04922F91-2BD3-452F-ADD2-CE85B4360294}.Release|x86.ActiveCfg = Release|Any CPU
		{04922F91-2BD3-452F-ADD2-CE85B4360294}.Release|x86.Build.0 = Release|Any CPU
	EndGlobalSection
	GlobalSection(SolutionProperties) = preSolution
		HideSolutionNode = FALSE
	EndGlobalSection
	GlobalSection(ExtensibilityGlobals) = postSolution
		SolutionGuid = {782D2320-7EA0-4750-8D68-A5F70B75186D}
	EndGlobalSection
EndGlobal
