Microsoft Visual Studio Solution File, Format Version 12.00
# Visual Studio 15
VisualStudioVersion = 15.0.26124.0
MinimumVisualStudioVersion = 15.0.26124.0
Project("{9A19103F-16F7-4668-BE54-9A1E7A4F7556}") = "Algorithms.Search", "Algorithms.Search\Algorithms.Search.csproj", "{302F30BC-39DA-467D-A20C-1B2690E2CD0D}"
EndProject
Project("{9A19103F-16F7-4668-BE54-9A1E7A4F7556}") = "Algorithms.Search.Tests", "Algorithms.Search.Tests\Algorithms.Search.Tests.csproj", "{571B01BE-1D39-4612-BF97-654954F9351F}"
EndProject
Global
	GlobalSection(SolutionConfigurationPlatforms) = preSolution
		Debug|Any CPU = Debug|Any CPU
		Debug|x64 = Debug|x64
		Debug|x86 = Debug|x86
		Release|Any CPU = Release|Any CPU
		Release|x64 = Release|x64
		Release|x86 = Release|x86
	EndGlobalSection
	GlobalSection(ProjectConfigurationPlatforms) = postSolution
		{302F30BC-39DA-467D-A20C-1B2690E2CD0D}.Debug|Any CPU.ActiveCfg = Debug|Any CPU
		{302F30BC-39DA-467D-A20C-1B2690E2CD0D}.Debug|Any CPU.Build.0 = Debug|Any CPU
		{302F30BC-39DA-467D-A20C-1B2690E2CD0D}.Debug|x64.ActiveCfg = Debug|Any CPU
		{302F30BC-39DA-467D-A20C-1B2690E2CD0D}.Debug|x64.Build.0 = Debug|Any CPU
		{302F30BC-39DA-467D-A20C-1B2690E2CD0D}.Debug|x86.ActiveCfg = Debug|Any CPU
		{302F30BC-39DA-467D-A20C-1B2690E2CD0D}.Debug|x86.Build.0 = Debug|Any CPU
		{302F30BC-39DA-467D-A20C-1B2690E2CD0D}.Release|Any CPU.ActiveCfg = Release|Any CPU
		{302F30BC-39DA-467D-A20C-1B2690E2CD0D}.Release|Any CPU.Build.0 = Release|Any CPU
		{302F30BC-39DA-467D-A20C-1B2690E2CD0D}.Release|x64.ActiveCfg = Release|Any CPU
		{302F30BC-39DA-467D-A20C-1B2690E2CD0D}.Release|x64.Build.0 = Release|Any CPU
		{302F30BC-39DA-467D-A20C-1B2690E2CD0D}.Release|x86.ActiveCfg = Release|Any CPU
		{302F30BC-39DA-467D-A20C-1B2690E2CD0D}.Release|x86.Build.0 = Release|Any CPU
		{571B01BE-1D39-4612-BF97-654954F9351F}.Debug|Any CPU.ActiveCfg = Debug|Any CPU
		{571B01BE-1D39-4612-BF97-654954F9351F}.Debug|Any CPU.Build.0 = Debug|Any CPU
		{571B01BE-1D39-4612-BF97-654954F9351F}.Debug|x64.ActiveCfg = Debug|Any CPU
		{571B01BE-1D39-4612-BF97-654954F9351F}.Debug|x64.Build.0 = Debug|Any CPU
		{571B01BE-1D39-4612-BF97-654954F9351F}.Debug|x86.ActiveCfg = Debug|Any CPU
		{571B01BE-1D39-4612-BF97-654954F9351F}.Debug|x86.Build.0 = Debug|Any CPU
		{571B01BE-1D39-4612-BF97-654954F9351F}.Release|Any CPU.ActiveCfg = Release|Any CPU
		{571B01BE-1D39-4612-BF97-654954F9351F}.Release|Any CPU.Build.0 = Release|Any CPU
		{571B01BE-1D39-4612-BF97-654954F9351F}.Release|x64.ActiveCfg = Release|Any CPU
		{571B01BE-1D39-4612-BF97-654954F9351F}.Release|x64.Build.0 = Release|Any CPU
		{571B01BE-1D39-4612-BF97-654954F9351F}.Release|x86.ActiveCfg = Release|Any CPU
		{571B01BE-1D39-4612-BF97-654954F9351F}.Release|x86.Build.0 = Release|Any CPU
	EndGlobalSection
	GlobalSection(SolutionProperties) = preSolution
		HideSolutionNode = FALSE
	EndGlobalSection
	GlobalSection(ExtensibilityGlobals) = postSolution
		SolutionGuid = {782D2320-7EA0-4750-8D68-A5F70B75186D}
	EndGlobalSection
EndGlobal
